PODS:
  - KLAlertController (1.0.0):
    - Masonry
  - Masonry (1.1.0)

DEPENDENCIES:
  - KLAlertController (from `../`)

SPEC REPOS:
  trunk:
    - Masonry

EXTERNAL SOURCES:
  KLAlertController:
    :path: "../"

SPEC CHECKSUMS:
  KLAlertController: 7db00e3bdc41337985075de8261e564d301783ca
  Masonry: 678fab65091a9290e40e2832a55e7ab731aad201

PODFILE CHECKSUM: b56af964d7e531ba9601f1bce2f1e26a0080a2bc

COCOAPODS: 1.8.4
