PODS:
  - KLAlertController (0.1.0)

DEPENDENCIES:
  - KLAlertController (from `../`)

EXTERNAL SOURCES:
  KLAlertController:
    :path: "../"

SPEC CHECKSUMS:
  KLAlertController: bfd86944757a7587345295204975c07c17f0069f

PODFILE CHECKSUM: d6706a6a076b5894d422861b2fd82d311e2583f5

COCOAPODS: 1.8.4
