PODS:
  - KLAlertController (0.1.0):
    - Masonry
  - Masonry (1.1.0)

DEPENDENCIES:
  - KLAlertController (from `../`)

SPEC REPOS:
  trunk:
    - Masonry

EXTERNAL SOURCES:
  KLAlertController:
    :path: "../"

SPEC CHECKSUMS:
  KLAlertController: d075c383a2699b75328fd52936d3fa7151d3de18
  Masonry: 678fab65091a9290e40e2832a55e7ab731aad201

PODFILE CHECKSUM: b56af964d7e531ba9601f1bce2f1e26a0080a2bc

COCOAPODS: 1.8.4
